
Microsoft Visual Studio Solution File, Format Version 12.00
# Visual Studio Version 17
VisualStudioVersion = 17.6.33829.357
MinimumVisualStudioVersion = 10.0.40219.1
Project("{FAE04EC0-301F-11D3-BF4B-00C04F79EFBC}") = "authentication", "authentication\authentication.csproj", "{5ACD8456-599D-463B-B9D6-37CAFB3774AF}"
EndProject
Global
	GlobalSection(SolutionConfigurationPlatforms) = preSolution
		Debug|Any CPU = Debug|Any CPU
		Release|Any CPU = Release|Any CPU
	EndGlobalSection
	GlobalSection(ProjectConfigurationPlatforms) = postSolution
		{5ACD8456-599D-463B-B9D6-37CAFB3774AF}.Debug|Any CPU.ActiveCfg = Debug|Any CPU
		{5ACD8456-599D-463B-B9D6-37CAFB3774AF}.Debug|Any CPU.Build.0 = Debug|Any CPU
		{5ACD8456-599D-463B-B9D6-37CAFB3774AF}.Release|Any CPU.ActiveCfg = Release|Any CPU
		{5ACD8456-599D-463B-B9D6-37CAFB3774AF}.Release|Any CPU.Build.0 = Release|Any CPU
	EndGlobalSection
	GlobalSection(SolutionProperties) = preSolution
		HideSolutionNode = FALSE
	EndGlobalSection
	GlobalSection(ExtensibilityGlobals) = postSolution
		SolutionGuid = {84CFFF1A-7C2D-4654-B93A-2A63BBAD14C4}
	EndGlobalSection
EndGlobal
