
Microsoft Visual Studio Solution File, Format Version 12.00
# Visual Studio Version 17
VisualStudioVersion = 17.6.33829.357
MinimumVisualStudioVersion = 10.0.40219.1
Project("{FAE04EC0-301F-11D3-BF4B-00C04F79EFBC}") = "UserScreen", "UserScreen\UserScreen.csproj", "{A657E9DE-6020-47B9-AF7E-EC04B7F4545C}"
EndProject
Global
	GlobalSection(SolutionConfigurationPlatforms) = preSolution
		Debug|Any CPU = Debug|Any CPU
		Release|Any CPU = Release|Any CPU
	EndGlobalSection
	GlobalSection(ProjectConfigurationPlatforms) = postSolution
		{A657E9DE-6020-47B9-AF7E-EC04B7F4545C}.Debug|Any CPU.ActiveCfg = Debug|Any CPU
		{A657E9DE-6020-47B9-AF7E-EC04B7F4545C}.Debug|Any CPU.Build.0 = Debug|Any CPU
		{A657E9DE-6020-47B9-AF7E-EC04B7F4545C}.Release|Any CPU.ActiveCfg = Release|Any CPU
		{A657E9DE-6020-47B9-AF7E-EC04B7F4545C}.Release|Any CPU.Build.0 = Release|Any CPU
	EndGlobalSection
	GlobalSection(SolutionProperties) = preSolution
		HideSolutionNode = FALSE
	EndGlobalSection
	GlobalSection(ExtensibilityGlobals) = postSolution
		SolutionGuid = {61A94560-8558-44D4-BB83-FC2AD21E3F80}
	EndGlobalSection
EndGlobal
